
Microsoft Visual Studio Solution File, Format Version 12.00
# Visual Studio Version 16
VisualStudioVersion = 16.0.29418.71
MinimumVisualStudioVersion = 10.0.40219.1
Project("{888888A0-9F3D-457C-B088-3A5042F75D52}") = "Interpolate", "Interpolate.pyproj", "{83BB800D-A8C6-4DFD-98B5-BCC5A2E0783D}"
EndProject
Global
	GlobalSection(SolutionConfigurationPlatforms) = preSolution
		Debug|Any CPU = Debug|Any CPU
		Release|Any CPU = Release|Any CPU
	EndGlobalSection
	GlobalSection(ProjectConfigurationPlatforms) = postSolution
		{83BB800D-A8C6-4DFD-98B5-BCC5A2E0783D}.Debug|Any CPU.ActiveCfg = Debug|Any CPU
		{83BB800D-A8C6-4DFD-98B5-BCC5A2E0783D}.Release|Any CPU.ActiveCfg = Release|Any CPU
	EndGlobalSection
	GlobalSection(SolutionProperties) = preSolution
		HideSolutionNode = FALSE
	EndGlobalSection
	GlobalSection(ExtensibilityGlobals) = postSolution
		SolutionGuid = {63B7B988-16E8-4EAB-B972-446B5D926C20}
	EndGlobalSection
EndGlobal
